// !$*UTF8*$!
{
	archiveVersion = 1;
	classes = {
	};
	objectVersion = 46;
	objects = {

/* Begin PBXBuildFile section */
		1419628A1E21B92900A1485A /* AppDelegate.swift in Sources */ = {isa = PBXBuildFile; fileRef = 141962891E21B92900A1485A /* AppDelegate.swift */; };
		141962931E21B92900A1485A /* Assets.xcassets in Resources */ = {isa = PBXBuildFile; fileRef = 141962921E21B92900A1485A /* Assets.xcassets */; };
		141962961E21B92900A1485A /* LaunchScreen.storyboard in Resources */ = {isa = PBXBuildFile; fileRef = 141962941E21B92900A1485A /* LaunchScreen.storyboard */; };
		1419629F1E21B96200A1485A /* Podfile in Resources */ = {isa = PBXBuildFile; fileRef = 1419629E1E21B96200A1485A /* Podfile */; };
		141962A11E21BC3700A1485A /* UserModel.swift in Sources */ = {isa = PBXBuildFile; fileRef = 141962A01E21BC3700A1485A /* UserModel.swift */; };
		141962A31E21BEB400A1485A /* PictureModel.swift in Sources */ = {isa = PBXBuildFile; fileRef = 141962A21E21BEB400A1485A /* PictureModel.swift */; };
		141962A61E21C0BE00A1485A /* UserDataSource.swift in Sources */ = {isa = PBXBuildFile; fileRef = 141962A51E21C0BE00A1485A /* UserDataSource.swift */; };
		141962A91E21C1FA00A1485A /* Requests.swift in Sources */ = {isa = PBXBuildFile; fileRef = 141962A81E21C1FA00A1485A /* Requests.swift */; };
		141962AB1E21C24900A1485A /* UserRequestParameters.swift in Sources */ = {isa = PBXBuildFile; fileRef = 141962AA1E21C24900A1485A /* UserRequestParameters.swift */; };
		141962AD1E21C92F00A1485A /* Config.swift in Sources */ = {isa = PBXBuildFile; fileRef = 141962AC1E21C92F00A1485A /* Config.swift */; };
		141962AF1E21CAB200A1485A /* UserListModel.swift in Sources */ = {isa = PBXBuildFile; fileRef = 141962AE1E21CAB200A1485A /* UserListModel.swift */; };
		141962B21E21D5AA00A1485A /* UserViewModel.swift in Sources */ = {isa = PBXBuildFile; fileRef = 141962B11E21D5AA00A1485A /* UserViewModel.swift */; };
		141962B41E21D7E000A1485A /* NameModel.swift in Sources */ = {isa = PBXBuildFile; fileRef = 141962B31E21D7E000A1485A /* NameModel.swift */; };
		141962B61E22785400A1485A /* TableViewController.swift in Sources */ = {isa = PBXBuildFile; fileRef = 141962B51E22785400A1485A /* TableViewController.swift */; };
		141962B81E228BDD00A1485A /* PagerViewController.swift in Sources */ = {isa = PBXBuildFile; fileRef = 141962B71E228BDD00A1485A /* PagerViewController.swift */; };
		141962BB1E228BFB00A1485A /* AnimationsViewController.swift in Sources */ = {isa = PBXBuildFile; fileRef = 141962BA1E228BFB00A1485A /* AnimationsViewController.swift */; };
		141962BD1E22AA4700A1485A /* UserCellNode.swift in Sources */ = {isa = PBXBuildFile; fileRef = 141962BC1E22AA4700A1485A /* UserCellNode.swift */; };
		3BB946B4D4968A0AD624F797 /* Pods_AsyncDisplayKitMDevSpot.framework in Frameworks */ = {isa = PBXBuildFile; fileRef = 3DBA3C29D30869E7DB4C23CD /* Pods_AsyncDisplayKitMDevSpot.framework */; };
/* End PBXBuildFile section */

/* Begin PBXFileReference section */
		141962861E21B92900A1485A /* AsyncDisplayKitMDevSpot.app */ = {isa = PBXFileReference; explicitFileType = wrapper.application; includeInIndex = 0; path = AsyncDisplayKitMDevSpot.app; sourceTree = BUILT_PRODUCTS_DIR; };
		141962891E21B92900A1485A /* AppDelegate.swift */ = {isa = PBXFileReference; lastKnownFileType = sourcecode.swift; path = AppDelegate.swift; sourceTree = "<group>"; };
		141962921E21B92900A1485A /* Assets.xcassets */ = {isa = PBXFileReference; lastKnownFileType = folder.assetcatalog; path = Assets.xcassets; sourceTree = "<group>"; };
		141962951E21B92900A1485A /* Base */ = {isa = PBXFileReference; lastKnownFileType = file.storyboard; name = Base; path = Base.lproj/LaunchScreen.storyboard; sourceTree = "<group>"; };
		141962971E21B92900A1485A /* Info.plist */ = {isa = PBXFileReference; lastKnownFileType = text.plist.xml; path = Info.plist; sourceTree = "<group>"; };
		1419629E1E21B96200A1485A /* Podfile */ = {isa = PBXFileReference; fileEncoding = 4; lastKnownFileType = text; path = Podfile; sourceTree = "<group>"; xcLanguageSpecificationIdentifier = xcode.lang.ruby; };
		141962A01E21BC3700A1485A /* UserModel.swift */ = {isa = PBXFileReference; fileEncoding = 4; lastKnownFileType = sourcecode.swift; name = UserModel.swift; path = Models/UserModel.swift; sourceTree = "<group>"; };
		141962A21E21BEB400A1485A /* PictureModel.swift */ = {isa = PBXFileReference; fileEncoding = 4; lastKnownFileType = sourcecode.swift; name = PictureModel.swift; path = Models/PictureModel.swift; sourceTree = "<group>"; };
		141962A51E21C0BE00A1485A /* UserDataSource.swift */ = {isa = PBXFileReference; fileEncoding = 4; lastKnownFileType = sourcecode.swift; name = UserDataSource.swift; path = DataSource/UserDataSource.swift; sourceTree = "<group>"; };
		141962A81E21C1FA00A1485A /* Requests.swift */ = {isa = PBXFileReference; fileEncoding = 4; lastKnownFileType = sourcecode.swift; name = Requests.swift; path = Core/Requests.swift; sourceTree = "<group>"; };
		141962AA1E21C24900A1485A /* UserRequestParameters.swift */ = {isa = PBXFileReference; fileEncoding = 4; lastKnownFileType = sourcecode.swift; name = UserRequestParameters.swift; path = Models/UserRequestParameters.swift; sourceTree = "<group>"; };
		141962AC1E21C92F00A1485A /* Config.swift */ = {isa = PBXFileReference; fileEncoding = 4; lastKnownFileType = sourcecode.swift; name = Config.swift; path = Core/Config.swift; sourceTree = "<group>"; };
		141962AE1E21CAB200A1485A /* UserListModel.swift */ = {isa = PBXFileReference; fileEncoding = 4; lastKnownFileType = sourcecode.swift; name = UserListModel.swift; path = Models/UserListModel.swift; sourceTree = "<group>"; };
		141962B11E21D5AA00A1485A /* UserViewModel.swift */ = {isa = PBXFileReference; fileEncoding = 4; lastKnownFileType = sourcecode.swift; name = UserViewModel.swift; path = ViewModels/UserViewModel.swift; sourceTree = "<group>"; };
		141962B31E21D7E000A1485A /* NameModel.swift */ = {isa = PBXFileReference; fileEncoding = 4; lastKnownFileType = sourcecode.swift; name = NameModel.swift; path = Models/NameModel.swift; sourceTree = "<group>"; };
		141962B51E22785400A1485A /* TableViewController.swift */ = {isa = PBXFileReference; fileEncoding = 4; lastKnownFileType = sourcecode.swift; name = TableViewController.swift; path = ViewControllers/TableViewController.swift; sourceTree = "<group>"; };
		141962B71E228BDD00A1485A /* PagerViewController.swift */ = {isa = PBXFileReference; fileEncoding = 4; lastKnownFileType = sourcecode.swift; name = PagerViewController.swift; path = ViewControllers/PagerViewController.swift; sourceTree = "<group>"; };
		141962BA1E228BFB00A1485A /* AnimationsViewController.swift */ = {isa = PBXFileReference; fileEncoding = 4; lastKnownFileType = sourcecode.swift; name = AnimationsViewController.swift; path = ViewControllers/AnimationsViewController.swift; sourceTree = "<group>"; };
		141962BC1E22AA4700A1485A /* UserCellNode.swift */ = {isa = PBXFileReference; fileEncoding = 4; lastKnownFileType = sourcecode.swift; name = UserCellNode.swift; path = Nodes/UserCellNode.swift; sourceTree = "<group>"; };
		3DBA3C29D30869E7DB4C23CD /* Pods_AsyncDisplayKitMDevSpot.framework */ = {isa = PBXFileReference; explicitFileType = wrapper.framework; includeInIndex = 0; path = Pods_AsyncDisplayKitMDevSpot.framework; sourceTree = BUILT_PRODUCTS_DIR; };
		65AA41F83056ABF508724691 /* Pods-AsyncDisplayKitMDevSpot.release.xcconfig */ = {isa = PBXFileReference; includeInIndex = 1; lastKnownFileType = text.xcconfig; name = "Pods-AsyncDisplayKitMDevSpot.release.xcconfig"; path = "Pods/Target Support Files/Pods-AsyncDisplayKitMDevSpot/Pods-AsyncDisplayKitMDevSpot.release.xcconfig"; sourceTree = "<group>"; };
		82C3BC741AFFFFBAB335E03D /* Pods-AsyncDisplayKitMDevSpot.debug.xcconfig */ = {isa = PBXFileReference; includeInIndex = 1; lastKnownFileType = text.xcconfig; name = "Pods-AsyncDisplayKitMDevSpot.debug.xcconfig"; path = "Pods/Target Support Files/Pods-AsyncDisplayKitMDevSpot/Pods-AsyncDisplayKitMDevSpot.debug.xcconfig"; sourceTree = "<group>"; };
/* End PBXFileReference section */

/* Begin PBXFrameworksBuildPhase section */
		141962831E21B92900A1485A /* Frameworks */ = {
			isa = PBXFrameworksBuildPhase;
			buildActionMask = 2147483647;
			files = (
				3BB946B4D4968A0AD624F797 /* Pods_AsyncDisplayKitMDevSpot.framework in Frameworks */,
			);
			runOnlyForDeploymentPostprocessing = 0;
		};
/* End PBXFrameworksBuildPhase section */

/* Begin PBXGroup section */
		1419627D1E21B92900A1485A = {
			isa = PBXGroup;
			children = (
				1419629E1E21B96200A1485A /* Podfile */,
				141962881E21B92900A1485A /* AsyncDisplayKitMDevSpot */,
				141962871E21B92900A1485A /* Products */,
				41CF6B5E4F4169CF3A6FA182 /* Pods */,
				53F5F5F3025AFC4723EA920B /* Frameworks */,
			);
			sourceTree = "<group>";
		};
		141962871E21B92900A1485A /* Products */ = {
			isa = PBXGroup;
			children = (
				141962861E21B92900A1485A /* AsyncDisplayKitMDevSpot.app */,
			);
			name = Products;
			sourceTree = "<group>";
		};
		141962881E21B92900A1485A /* AsyncDisplayKitMDevSpot */ = {
			isa = PBXGroup;
			children = (
				141962B01E21D59000A1485A /* ViewModels */,
				141962A71E21C1CF00A1485A /* Core */,
				141962A41E21C08000A1485A /* DataSource */,
				1419629D1E21B94400A1485A /* Models */,
				141962891E21B92900A1485A /* AppDelegate.swift */,
				141962921E21B92900A1485A /* Assets.xcassets */,
				141962941E21B92900A1485A /* LaunchScreen.storyboard */,
				141962971E21B92900A1485A /* Info.plist */,
				141962B91E228BE500A1485A /* ViewControllers */,
				141962BE1E22B60C00A1485A /* Nodes */,
			);
			path = AsyncDisplayKitMDevSpot;
			sourceTree = "<group>";
		};
		1419629D1E21B94400A1485A /* Models */ = {
			isa = PBXGroup;
			children = (
				141962A01E21BC3700A1485A /* UserModel.swift */,
				141962A21E21BEB400A1485A /* PictureModel.swift */,
				141962AA1E21C24900A1485A /* UserRequestParameters.swift */,
				141962AE1E21CAB200A1485A /* UserListModel.swift */,
				141962B31E21D7E000A1485A /* NameModel.swift */,
			);
			name = Models;
			sourceTree = "<group>";
		};
		141962A41E21C08000A1485A /* DataSource */ = {
			isa = PBXGroup;
			children = (
				141962A51E21C0BE00A1485A /* UserDataSource.swift */,
			);
			name = DataSource;
			sourceTree = "<group>";
		};
		141962A71E21C1CF00A1485A /* Core */ = {
			isa = PBXGroup;
			children = (
				141962A81E21C1FA00A1485A /* Requests.swift */,
				141962AC1E21C92F00A1485A /* Config.swift */,
			);
			name = Core;
			sourceTree = "<group>";
		};
		141962B01E21D59000A1485A /* ViewModels */ = {
			isa = PBXGroup;
			children = (
				141962B11E21D5AA00A1485A /* UserViewModel.swift */,
			);
			name = ViewModels;
			sourceTree = "<group>";
		};
		141962B91E228BE500A1485A /* ViewControllers */ = {
			isa = PBXGroup;
			children = (
				141962B51E22785400A1485A /* TableViewController.swift */,
				141962B71E228BDD00A1485A /* PagerViewController.swift */,
				141962BA1E228BFB00A1485A /* AnimationsViewController.swift */,
			);
			name = ViewControllers;
			sourceTree = "<group>";
		};
		141962BE1E22B60C00A1485A /* Nodes */ = {
			isa = PBXGroup;
			children = (
				141962BC1E22AA4700A1485A /* UserCellNode.swift */,
			);
			name = Nodes;
			sourceTree = "<group>";
		};
		41CF6B5E4F4169CF3A6FA182 /* Pods */ = {
			isa = PBXGroup;
			children = (
				82C3BC741AFFFFBAB335E03D /* Pods-AsyncDisplayKitMDevSpot.debug.xcconfig */,
				65AA41F83056ABF508724691 /* Pods-AsyncDisplayKitMDevSpot.release.xcconfig */,
			);
			name = Pods;
			sourceTree = "<group>";
		};
		53F5F5F3025AFC4723EA920B /* Frameworks */ = {
			isa = PBXGroup;
			children = (
				3DBA3C29D30869E7DB4C23CD /* Pods_AsyncDisplayKitMDevSpot.framework */,
			);
			name = Frameworks;
			sourceTree = "<group>";
		};
/* End PBXGroup section */

/* Begin PBXNativeTarget section */
		141962851E21B92900A1485A /* AsyncDisplayKitMDevSpot */ = {
			isa = PBXNativeTarget;
			buildConfigurationList = 1419629A1E21B92900A1485A /* Build configuration list for PBXNativeTarget "AsyncDisplayKitMDevSpot" */;
			buildPhases = (
				E5942BEF74A7B0480FF1D377 /* [CP] Check Pods Manifest.lock */,
				141962821E21B92900A1485A /* Sources */,
				141962831E21B92900A1485A /* Frameworks */,
				141962841E21B92900A1485A /* Resources */,
				9BD2550C5B5A788DD934744A /* [CP] Embed Pods Frameworks */,
				3B7EEB2D3384783CA02969C6 /* [CP] Copy Pods Resources */,
			);
			buildRules = (
			);
			dependencies = (
			);
			name = AsyncDisplayKitMDevSpot;
			productName = AsyncDisplayKitMDevSpot;
			productReference = 141962861E21B92900A1485A /* AsyncDisplayKitMDevSpot.app */;
			productType = "com.apple.product-type.application";
		};
/* End PBXNativeTarget section */

/* Begin PBXProject section */
		1419627E1E21B92900A1485A /* Project object */ = {
			isa = PBXProject;
			attributes = {
				LastSwiftUpdateCheck = 0820;
				LastUpgradeCheck = 0820;
				ORGANIZATIONNAME = "Michal Čičkán";
				TargetAttributes = {
					141962851E21B92900A1485A = {
						CreatedOnToolsVersion = 8.2;
						DevelopmentTeam = MBG2SUJ3MC;
						ProvisioningStyle = Automatic;
					};
				};
			};
			buildConfigurationList = 141962811E21B92900A1485A /* Build configuration list for PBXProject "AsyncDisplayKitMDevSpot" */;
			compatibilityVersion = "Xcode 3.2";
			developmentRegion = English;
			hasScannedForEncodings = 0;
			knownRegions = (
				en,
				Base,
			);
			mainGroup = 1419627D1E21B92900A1485A;
			productRefGroup = 141962871E21B92900A1485A /* Products */;
			projectDirPath = "";
			projectRoot = "";
			targets = (
				141962851E21B92900A1485A /* AsyncDisplayKitMDevSpot */,
			);
		};
/* End PBXProject section */

/* Begin PBXResourcesBuildPhase section */
		141962841E21B92900A1485A /* Resources */ = {
			isa = PBXResourcesBuildPhase;
			buildActionMask = 2147483647;
			files = (
				141962961E21B92900A1485A /* LaunchScreen.storyboard in Resources */,
				141962931E21B92900A1485A /* Assets.xcassets in Resources */,
				1419629F1E21B96200A1485A /* Podfile in Resources */,
			);
			runOnlyForDeploymentPostprocessing = 0;
		};
/* End PBXResourcesBuildPhase section */

/* Begin PBXShellScriptBuildPhase section */
		3B7EEB2D3384783CA02969C6 /* [CP] Copy Pods Resources */ = {
			isa = PBXShellScriptBuildPhase;
			buildActionMask = 2147483647;
			files = (
			);
			inputPaths = (
			);
			name = "[CP] Copy Pods Resources";
			outputPaths = (
			);
			runOnlyForDeploymentPostprocessing = 0;
			shellPath = /bin/sh;
			shellScript = "\"${SRCROOT}/Pods/Target Support Files/Pods-AsyncDisplayKitMDevSpot/Pods-AsyncDisplayKitMDevSpot-resources.sh\"\n";
			showEnvVarsInLog = 0;
		};
		9BD2550C5B5A788DD934744A /* [CP] Embed Pods Frameworks */ = {
			isa = PBXShellScriptBuildPhase;
			buildActionMask = 2147483647;
			files = (
			);
			inputPaths = (
			);
			name = "[CP] Embed Pods Frameworks";
			outputPaths = (
			);
			runOnlyForDeploymentPostprocessing = 0;
			shellPath = /bin/sh;
			shellScript = "\"${SRCROOT}/Pods/Target Support Files/Pods-AsyncDisplayKitMDevSpot/Pods-AsyncDisplayKitMDevSpot-frameworks.sh\"\n";
			showEnvVarsInLog = 0;
		};
		E5942BEF74A7B0480FF1D377 /* [CP] Check Pods Manifest.lock */ = {
			isa = PBXShellScriptBuildPhase;
			buildActionMask = 2147483647;
			files = (
			);
			inputPaths = (
			);
			name = "[CP] Check Pods Manifest.lock";
			outputPaths = (
			);
			runOnlyForDeploymentPostprocessing = 0;
			shellPath = /bin/sh;
			shellScript = "diff \"${PODS_ROOT}/../Podfile.lock\" \"${PODS_ROOT}/Manifest.lock\" > /dev/null\nif [ $? != 0 ] ; then\n    # print error to STDERR\n    echo \"error: The sandbox is not in sync with the Podfile.lock. Run 'pod install' or update your CocoaPods installation.\" >&2\n    exit 1\nfi\n";
			showEnvVarsInLog = 0;
		};
/* End PBXShellScriptBuildPhase section */

/* Begin PBXSourcesBuildPhase section */
		141962821E21B92900A1485A /* Sources */ = {
			isa = PBXSourcesBuildPhase;
			buildActionMask = 2147483647;
			files = (
				141962BD1E22AA4700A1485A /* UserCellNode.swift in Sources */,
				141962A31E21BEB400A1485A /* PictureModel.swift in Sources */,
				141962A61E21C0BE00A1485A /* UserDataSource.swift in Sources */,
				141962BB1E228BFB00A1485A /* AnimationsViewController.swift in Sources */,
				141962AF1E21CAB200A1485A /* UserListModel.swift in Sources */,
				141962A91E21C1FA00A1485A /* Requests.swift in Sources */,
				141962AD1E21C92F00A1485A /* Config.swift in Sources */,
				141962A11E21BC3700A1485A /* UserModel.swift in Sources */,
				141962B81E228BDD00A1485A /* PagerViewController.swift in Sources */,
				141962B61E22785400A1485A /* TableViewController.swift in Sources */,
				141962B41E21D7E000A1485A /* NameModel.swift in Sources */,
				141962AB1E21C24900A1485A /* UserRequestParameters.swift in Sources */,
				141962B21E21D5AA00A1485A /* UserViewModel.swift in Sources */,
				1419628A1E21B92900A1485A /* AppDelegate.swift in Sources */,
			);
			runOnlyForDeploymentPostprocessing = 0;
		};
/* End PBXSourcesBuildPhase section */

/* Begin PBXVariantGroup section */
		141962941E21B92900A1485A /* LaunchScreen.storyboard */ = {
			isa = PBXVariantGroup;
			children = (
				141962951E21B92900A1485A /* Base */,
			);
			name = LaunchScreen.storyboard;
			sourceTree = "<group>";
		};
/* End PBXVariantGroup section */

/* Begin XCBuildConfiguration section */
		141962981E21B92900A1485A /* Debug */ = {
			isa = XCBuildConfiguration;
			buildSettings = {
				ALWAYS_SEARCH_USER_PATHS = NO;
				CLANG_ANALYZER_NONNULL = YES;
				CLANG_CXX_LANGUAGE_STANDARD = "gnu++0x";
				CLANG_CXX_LIBRARY = "libc++";
				CLANG_ENABLE_MODULES = YES;
				CLANG_ENABLE_OBJC_ARC = YES;
				CLANG_WARN_BOOL_CONVERSION = YES;
				CLANG_WARN_CONSTANT_CONVERSION = YES;
				CLANG_WARN_DIRECT_OBJC_ISA_USAGE = YES_ERROR;
				CLANG_WARN_DOCUMENTATION_COMMENTS = YES;
				CLANG_WARN_EMPTY_BODY = YES;
				CLANG_WARN_ENUM_CONVERSION = YES;
				CLANG_WARN_INFINITE_RECURSION = YES;
				CLANG_WARN_INT_CONVERSION = YES;
				CLANG_WARN_OBJC_ROOT_CLASS = YES_ERROR;
				CLANG_WARN_SUSPICIOUS_MOVE = YES;
				CLANG_WARN_UNREACHABLE_CODE = YES;
				CLANG_WARN__DUPLICATE_METHOD_MATCH = YES;
				"CODE_SIGN_IDENTITY[sdk=iphoneos*]" = "iPhone Developer";
				COPY_PHASE_STRIP = NO;
				DEBUG_INFORMATION_FORMAT = dwarf;
				ENABLE_STRICT_OBJC_MSGSEND = YES;
				ENABLE_TESTABILITY = YES;
				GCC_C_LANGUAGE_STANDARD = gnu99;
				GCC_DYNAMIC_NO_PIC = NO;
				GCC_NO_COMMON_BLOCKS = YES;
				GCC_OPTIMIZATION_LEVEL = 0;
				GCC_PREPROCESSOR_DEFINITIONS = (
					"DEBUG=1",
					"$(inherited)",
				);
				GCC_WARN_64_TO_32_BIT_CONVERSION = YES;
				GCC_WARN_ABOUT_RETURN_TYPE = YES_ERROR;
				GCC_WARN_UNDECLARED_SELECTOR = YES;
				GCC_WARN_UNINITIALIZED_AUTOS = YES_AGGRESSIVE;
				GCC_WARN_UNUSED_FUNCTION = YES;
				GCC_WARN_UNUSED_VARIABLE = YES;
				IPHONEOS_DEPLOYMENT_TARGET = 10.2;
				MTL_ENABLE_DEBUG_INFO = YES;
				ONLY_ACTIVE_ARCH = YES;
				SDKROOT = iphoneos;
				SWIFT_ACTIVE_COMPILATION_CONDITIONS = DEBUG;
				SWIFT_OPTIMIZATION_LEVEL = "-Onone";
				TARGETED_DEVICE_FAMILY = "1,2";
			};
			name = Debug;
		};
		141962991E21B92900A1485A /* Release */ = {
			isa = XCBuildConfiguration;
			buildSettings = {
				ALWAYS_SEARCH_USER_PATHS = NO;
				CLANG_ANALYZER_NONNULL = YES;
				CLANG_CXX_LANGUAGE_STANDARD = "gnu++0x";
				CLANG_CXX_LIBRARY = "libc++";
				CLANG_ENABLE_MODULES = YES;
				CLANG_ENABLE_OBJC_ARC = YES;
				CLANG_WARN_BOOL_CONVERSION = YES;
				CLANG_WARN_CONSTANT_CONVERSION = YES;
				CLANG_WARN_DIRECT_OBJC_ISA_USAGE = YES_ERROR;
				CLANG_WARN_DOCUMENTATION_COMMENTS = YES;
				CLANG_WARN_EMPTY_BODY = YES;
				CLANG_WARN_ENUM_CONVERSION = YES;
				CLANG_WARN_INFINITE_RECURSION = YES;
				CLANG_WARN_INT_CONVERSION = YES;
				CLANG_WARN_OBJC_ROOT_CLASS = YES_ERROR;
				CLANG_WARN_SUSPICIOUS_MOVE = YES;
				CLANG_WARN_UNREACHABLE_CODE = YES;
				CLANG_WARN__DUPLICATE_METHOD_MATCH = YES;
				"CODE_SIGN_IDENTITY[sdk=iphoneos*]" = "iPhone Developer";
				COPY_PHASE_STRIP = NO;
				DEBUG_INFORMATION_FORMAT = "dwarf-with-dsym";
				ENABLE_NS_ASSERTIONS = NO;
				ENABLE_STRICT_OBJC_MSGSEND = YES;
				GCC_C_LANGUAGE_STANDARD = gnu99;
				GCC_NO_COMMON_BLOCKS = YES;
				GCC_WARN_64_TO_32_BIT_CONVERSION = YES;
				GCC_WARN_ABOUT_RETURN_TYPE = YES_ERROR;
				GCC_WARN_UNDECLARED_SELECTOR = YES;
				GCC_WARN_UNINITIALIZED_AUTOS = YES_AGGRESSIVE;
				GCC_WARN_UNUSED_FUNCTION = YES;
				GCC_WARN_UNUSED_VARIABLE = YES;
				IPHONEOS_DEPLOYMENT_TARGET = 10.2;
				MTL_ENABLE_DEBUG_INFO = NO;
				SDKROOT = iphoneos;
				SWIFT_OPTIMIZATION_LEVEL = "-Owholemodule";
				TARGETED_DEVICE_FAMILY = "1,2";
				VALIDATE_PRODUCT = YES;
			};
			name = Release;
		};
		1419629B1E21B92900A1485A /* Debug */ = {
			isa = XCBuildConfiguration;
			baseConfigurationReference = 82C3BC741AFFFFBAB335E03D /* Pods-AsyncDisplayKitMDevSpot.debug.xcconfig */;
			buildSettings = {
				ASSETCATALOG_COMPILER_APPICON_NAME = AppIcon;
				DEVELOPMENT_TEAM = MBG2SUJ3MC;
				INFOPLIST_FILE = AsyncDisplayKitMDevSpot/Info.plist;
				LD_RUNPATH_SEARCH_PATHS = "$(inherited) @executable_path/Frameworks";
				PRODUCT_BUNDLE_IDENTIFIER = "Ringier-Axel-Springer-a.-s..AsyncDisplayKitMDevSpot";
				PRODUCT_NAME = "$(TARGET_NAME)";
				SWIFT_VERSION = 3.0;
			};
			name = Debug;
		};
		1419629C1E21B92900A1485A /* Release */ = {
			isa = XCBuildConfiguration;
			baseConfigurationReference = 65AA41F83056ABF508724691 /* Pods-AsyncDisplayKitMDevSpot.release.xcconfig */;
			buildSettings = {
				ASSETCATALOG_COMPILER_APPICON_NAME = AppIcon;
				DEVELOPMENT_TEAM = MBG2SUJ3MC;
				INFOPLIST_FILE = AsyncDisplayKitMDevSpot/Info.plist;
				LD_RUNPATH_SEARCH_PATHS = "$(inherited) @executable_path/Frameworks";
				PRODUCT_BUNDLE_IDENTIFIER = "Ringier-Axel-Springer-a.-s..AsyncDisplayKitMDevSpot";
				PRODUCT_NAME = "$(TARGET_NAME)";
				SWIFT_VERSION = 3.0;
			};
			name = Release;
		};
/* End XCBuildConfiguration section */

/* Begin XCConfigurationList section */
		141962811E21B92900A1485A /* Build configuration list for PBXProject "AsyncDisplayKitMDevSpot" */ = {
			isa = XCConfigurationList;
			buildConfigurations = (
				141962981E21B92900A1485A /* Debug */,
				141962991E21B92900A1485A /* Release */,
			);
			defaultConfigurationIsVisible = 0;
			defaultConfigurationName = Release;
		};
		1419629A1E21B92900A1485A /* Build configuration list for PBXNativeTarget "AsyncDisplayKitMDevSpot" */ = {
			isa = XCConfigurationList;
			buildConfigurations = (
				1419629B1E21B92900A1485A /* Debug */,
				1419629C1E21B92900A1485A /* Release */,
			);
			defaultConfigurationIsVisible = 0;
			defaultConfigurationName = Release;
		};
/* End XCConfigurationList section */
	};
	rootObject = 1419627E1E21B92900A1485A /* Project object */;
}
